
Microsoft Visual Studio Solution File, Format Version 12.00
# Visual Studio Version 17
VisualStudioVersion = 17.3.32922.545
MinimumVisualStudioVersion = 10.0.40219.1
Project("{8BC9CEB8-8B4A-11D0-8D11-00A0C91BC942}") = "Saper (chyba)", "Saper (chyba)\Saper (chyba).vcxproj", "{2153EA54-99C9-463A-B880-A98CE85E0963}"
EndProject
Global
	GlobalSection(SolutionConfigurationPlatforms) = preSolution
		Debug|x64 = Debug|x64
		Debug|x86 = Debug|x86
		Release|x64 = Release|x64
		Release|x86 = Release|x86
	EndGlobalSection
	GlobalSection(ProjectConfigurationPlatforms) = postSolution
		{2153EA54-99C9-463A-B880-A98CE85E0963}.Debug|x64.ActiveCfg = Debug|x64
		{2153EA54-99C9-463A-B880-A98CE85E0963}.Debug|x64.Build.0 = Debug|x64
		{2153EA54-99C9-463A-B880-A98CE85E0963}.Debug|x86.ActiveCfg = Debug|Win32
		{2153EA54-99C9-463A-B880-A98CE85E0963}.Debug|x86.Build.0 = Debug|Win32
		{2153EA54-99C9-463A-B880-A98CE85E0963}.Release|x64.ActiveCfg = Release|x64
		{2153EA54-99C9-463A-B880-A98CE85E0963}.Release|x64.Build.0 = Release|x64
		{2153EA54-99C9-463A-B880-A98CE85E0963}.Release|x86.ActiveCfg = Release|Win32
		{2153EA54-99C9-463A-B880-A98CE85E0963}.Release|x86.Build.0 = Release|Win32
	EndGlobalSection
	GlobalSection(SolutionProperties) = preSolution
		HideSolutionNode = FALSE
	EndGlobalSection
	GlobalSection(ExtensibilityGlobals) = postSolution
		SolutionGuid = {147B6192-579B-47AF-93B8-74CCBD731F64}
	EndGlobalSection
EndGlobal
